
Microsoft Visual Studio Solution File, Format Version 12.00
# Visual Studio Version 17
VisualStudioVersion = 17.7.34221.43
MinimumVisualStudioVersion = 10.0.40219.1
Project("{2150E333-8FDC-42A3-9474-1A3956D46DE8}") = "src", "src", "{2AA7E490-92EC-4591-8397-615F418CC78A}"
EndProject
Project("{2150E333-8FDC-42A3-9474-1A3956D46DE8}") = "BuildingBlocks", "BuildingBlocks", "{68245BBE-77B8-4BA7-B940-630CCE61F74D}"
EndProject
Project("{2150E333-8FDC-42A3-9474-1A3956D46DE8}") = "ApiGateway", "ApiGateway", "{C7F217EA-A552-445D-AFE4-3A1D27CE6CE0}"
EndProject
Project("{2150E333-8FDC-42A3-9474-1A3956D46DE8}") = "Services", "Services", "{2ED7345F-9B6E-4C78-94C0-718524F72ECE}"
EndProject
Project("{2150E333-8FDC-42A3-9474-1A3956D46DE8}") = "Identity", "Identity", "{12D2EBDD-B8CE-4D84-959A-08268C8CA7CE}"
EndProject
Project("{FAE04EC0-301F-11D3-BF4B-00C04F79EFBC}") = "ApiGateway", "src\ApiGateway\ApiGateway\ApiGateway.csproj", "{4CC71C0F-4778-4B12-9A2D-DB244CF7A986}"
EndProject
Project("{FAE04EC0-301F-11D3-BF4B-00C04F79EFBC}") = "BuildingBlock", "src\BuildingBlocks\BuildingBlock\BuildingBlock.csproj", "{4C57D694-86E4-447A-B623-0E7CDEC453D8}"
EndProject
Project("{FAE04EC0-301F-11D3-BF4B-00C04F79EFBC}") = "Identity.Infrastructure", "src\Services\Identity\Identity.Infrastructure\Identity.Infrastructure.csproj", "{71124FAE-4326-4DB8-BB8D-2B757B1B32B3}"
EndProject
Project("{FAE04EC0-301F-11D3-BF4B-00C04F79EFBC}") = "Identity.Core", "src\Services\Identity\Identity.Core\Identity.Core.csproj", "{088CF524-9F9E-413F-A3C9-4A7330400D7E}"
EndProject
Project("{FAE04EC0-301F-11D3-BF4B-00C04F79EFBC}") = "Identity.Application", "src\Services\Identity\Identity.Application\Identity.Application.csproj", "{88E27EAE-0693-4C65-B9B4-29EBD6A101E3}"
EndProject
Project("{FAE04EC0-301F-11D3-BF4B-00C04F79EFBC}") = "Identity.Api", "src\Services\Identity\Identity.Api\Identity.Api.csproj", "{6359D953-3BAA-4692-BCC3-EB144BB7D2CD}"
EndProject
Project("{2150E333-8FDC-42A3-9474-1A3956D46DE8}") = "Students", "Students", "{A19DF729-C323-40BE-A4B6-4FF3902CF03D}"
EndProject
Project("{FAE04EC0-301F-11D3-BF4B-00C04F79EFBC}") = "Students.Application", "src\Services\Students\Students.Application\Students.Application.csproj", "{2C4A72BD-841C-48C0-969A-7EBF4EC44300}"
EndProject
Project("{FAE04EC0-301F-11D3-BF4B-00C04F79EFBC}") = "Students.Core", "src\Services\Students\Students.Core\Students.Core.csproj", "{D341EB9E-0777-45C1-886C-4829C4824223}"
EndProject
Project("{FAE04EC0-301F-11D3-BF4B-00C04F79EFBC}") = "Students.Infrastructure", "src\Services\Students\Students.Infrastructure\Students.Infrastructure.csproj", "{477B8D5B-E776-472B-900C-602FC88ABFC5}"
EndProject
Project("{FAE04EC0-301F-11D3-BF4B-00C04F79EFBC}") = "Students.Api", "src\Services\Students\Students.Api\Students.Api.csproj", "{D02D1A28-D804-4461-812D-A7053C5FD185}"
EndProject
Project("{2150E333-8FDC-42A3-9474-1A3956D46DE8}") = "Teachers", "Teachers", "{2E43E30B-4D4F-4A39-A4A5-531F365F6411}"
EndProject
Project("{FAE04EC0-301F-11D3-BF4B-00C04F79EFBC}") = "Teachers.Core", "src\Services\Teachers\Teachers.Core\Teachers.Core.csproj", "{8729B162-0336-4C47-AC99-76D8E5B868A4}"
EndProject
Project("{FAE04EC0-301F-11D3-BF4B-00C04F79EFBC}") = "Teachers.Infrastructure", "src\Services\Teachers\Teachers.Infrastructure\Teachers.Infrastructure.csproj", "{25E28262-F197-4C1C-9219-BF3FFD583011}"
EndProject
Project("{FAE04EC0-301F-11D3-BF4B-00C04F79EFBC}") = "Teachers.Application", "src\Services\Teachers\Teachers.Application\Teachers.Application.csproj", "{5617EA97-0969-44AE-B713-023693822FA5}"
EndProject
Project("{FAE04EC0-301F-11D3-BF4B-00C04F79EFBC}") = "Teachers.Api", "src\Services\Teachers\Teachers.Api\Teachers.Api.csproj", "{6FF0E3BD-64E6-41B3-904A-89169F62BD62}"
EndProject
Project("{2150E333-8FDC-42A3-9474-1A3956D46DE8}") = "Notification", "Notification", "{E957A6C9-193C-4287-9AB9-8A81F5001D08}"
EndProject
Project("{2150E333-8FDC-42A3-9474-1A3956D46DE8}") = "Chat", "Chat", "{367ADD2C-166F-4A0F-AC94-CD0972E43939}"
EndProject
Project("{FAE04EC0-301F-11D3-BF4B-00C04F79EFBC}") = "Chat.Api", "src\Services\Chat\Chat.Api\Chat.Api.csproj", "{CB53AF1F-A80B-4F8D-9509-CEC7252CDA7E}"
EndProject
Project("{FAE04EC0-301F-11D3-BF4B-00C04F79EFBC}") = "Chat.Core", "src\Services\Chat\Chat.Core\Chat.Core.csproj", "{4BE4E797-9581-414F-BAA3-376ADB8444FF}"
EndProject
Project("{FAE04EC0-301F-11D3-BF4B-00C04F79EFBC}") = "Chat.Application", "src\Services\Chat\Chat.Application\Chat.Application.csproj", "{45ADE9B8-231C-4D1D-B469-7B95E38B33B7}"
EndProject
Project("{FAE04EC0-301F-11D3-BF4B-00C04F79EFBC}") = "Chat.Infrastructure", "src\Services\Chat\Chat.Infrastructure\Chat.Infrastructure.csproj", "{85C20C6C-E3C7-4AAF-BB4D-15C2BA132B11}"
EndProject
Project("{FAE04EC0-301F-11D3-BF4B-00C04F79EFBC}") = "Contracts", "src\Services\Chat\Contracts\Contracts.csproj", "{9A6D5B2F-5CD4-468A-B2DB-16D4D47D2370}"
EndProject
Global
	GlobalSection(SolutionConfigurationPlatforms) = preSolution
		Debug|Any CPU = Debug|Any CPU
		Release|Any CPU = Release|Any CPU
	EndGlobalSection
	GlobalSection(ProjectConfigurationPlatforms) = postSolution
		{4CC71C0F-4778-4B12-9A2D-DB244CF7A986}.Debug|Any CPU.ActiveCfg = Debug|Any CPU
		{4CC71C0F-4778-4B12-9A2D-DB244CF7A986}.Debug|Any CPU.Build.0 = Debug|Any CPU
		{4CC71C0F-4778-4B12-9A2D-DB244CF7A986}.Release|Any CPU.ActiveCfg = Release|Any CPU
		{4CC71C0F-4778-4B12-9A2D-DB244CF7A986}.Release|Any CPU.Build.0 = Release|Any CPU
		{4C57D694-86E4-447A-B623-0E7CDEC453D8}.Debug|Any CPU.ActiveCfg = Debug|Any CPU
		{4C57D694-86E4-447A-B623-0E7CDEC453D8}.Debug|Any CPU.Build.0 = Debug|Any CPU
		{4C57D694-86E4-447A-B623-0E7CDEC453D8}.Release|Any CPU.ActiveCfg = Release|Any CPU
		{4C57D694-86E4-447A-B623-0E7CDEC453D8}.Release|Any CPU.Build.0 = Release|Any CPU
		{71124FAE-4326-4DB8-BB8D-2B757B1B32B3}.Debug|Any CPU.ActiveCfg = Debug|Any CPU
		{71124FAE-4326-4DB8-BB8D-2B757B1B32B3}.Debug|Any CPU.Build.0 = Debug|Any CPU
		{71124FAE-4326-4DB8-BB8D-2B757B1B32B3}.Release|Any CPU.ActiveCfg = Release|Any CPU
		{71124FAE-4326-4DB8-BB8D-2B757B1B32B3}.Release|Any CPU.Build.0 = Release|Any CPU
		{088CF524-9F9E-413F-A3C9-4A7330400D7E}.Debug|Any CPU.ActiveCfg = Debug|Any CPU
		{088CF524-9F9E-413F-A3C9-4A7330400D7E}.Debug|Any CPU.Build.0 = Debug|Any CPU
		{088CF524-9F9E-413F-A3C9-4A7330400D7E}.Release|Any CPU.ActiveCfg = Release|Any CPU
		{088CF524-9F9E-413F-A3C9-4A7330400D7E}.Release|Any CPU.Build.0 = Release|Any CPU
		{88E27EAE-0693-4C65-B9B4-29EBD6A101E3}.Debug|Any CPU.ActiveCfg = Debug|Any CPU
		{88E27EAE-0693-4C65-B9B4-29EBD6A101E3}.Debug|Any CPU.Build.0 = Debug|Any CPU
		{88E27EAE-0693-4C65-B9B4-29EBD6A101E3}.Release|Any CPU.ActiveCfg = Release|Any CPU
		{88E27EAE-0693-4C65-B9B4-29EBD6A101E3}.Release|Any CPU.Build.0 = Release|Any CPU
		{6359D953-3BAA-4692-BCC3-EB144BB7D2CD}.Debug|Any CPU.ActiveCfg = Debug|Any CPU
		{6359D953-3BAA-4692-BCC3-EB144BB7D2CD}.Debug|Any CPU.Build.0 = Debug|Any CPU
		{6359D953-3BAA-4692-BCC3-EB144BB7D2CD}.Release|Any CPU.ActiveCfg = Release|Any CPU
		{6359D953-3BAA-4692-BCC3-EB144BB7D2CD}.Release|Any CPU.Build.0 = Release|Any CPU
		{2C4A72BD-841C-48C0-969A-7EBF4EC44300}.Debug|Any CPU.ActiveCfg = Debug|Any CPU
		{2C4A72BD-841C-48C0-969A-7EBF4EC44300}.Debug|Any CPU.Build.0 = Debug|Any CPU
		{2C4A72BD-841C-48C0-969A-7EBF4EC44300}.Release|Any CPU.ActiveCfg = Release|Any CPU
		{2C4A72BD-841C-48C0-969A-7EBF4EC44300}.Release|Any CPU.Build.0 = Release|Any CPU
		{D341EB9E-0777-45C1-886C-4829C4824223}.Debug|Any CPU.ActiveCfg = Debug|Any CPU
		{D341EB9E-0777-45C1-886C-4829C4824223}.Debug|Any CPU.Build.0 = Debug|Any CPU
		{D341EB9E-0777-45C1-886C-4829C4824223}.Release|Any CPU.ActiveCfg = Release|Any CPU
		{D341EB9E-0777-45C1-886C-4829C4824223}.Release|Any CPU.Build.0 = Release|Any CPU
		{477B8D5B-E776-472B-900C-602FC88ABFC5}.Debug|Any CPU.ActiveCfg = Debug|Any CPU
		{477B8D5B-E776-472B-900C-602FC88ABFC5}.Debug|Any CPU.Build.0 = Debug|Any CPU
		{477B8D5B-E776-472B-900C-602FC88ABFC5}.Release|Any CPU.ActiveCfg = Release|Any CPU
		{477B8D5B-E776-472B-900C-602FC88ABFC5}.Release|Any CPU.Build.0 = Release|Any CPU
		{D02D1A28-D804-4461-812D-A7053C5FD185}.Debug|Any CPU.ActiveCfg = Debug|Any CPU
		{D02D1A28-D804-4461-812D-A7053C5FD185}.Debug|Any CPU.Build.0 = Debug|Any CPU
		{D02D1A28-D804-4461-812D-A7053C5FD185}.Release|Any CPU.ActiveCfg = Release|Any CPU
		{D02D1A28-D804-4461-812D-A7053C5FD185}.Release|Any CPU.Build.0 = Release|Any CPU
		{8729B162-0336-4C47-AC99-76D8E5B868A4}.Debug|Any CPU.ActiveCfg = Debug|Any CPU
		{8729B162-0336-4C47-AC99-76D8E5B868A4}.Debug|Any CPU.Build.0 = Debug|Any CPU
		{8729B162-0336-4C47-AC99-76D8E5B868A4}.Release|Any CPU.ActiveCfg = Release|Any CPU
		{8729B162-0336-4C47-AC99-76D8E5B868A4}.Release|Any CPU.Build.0 = Release|Any CPU
		{25E28262-F197-4C1C-9219-BF3FFD583011}.Debug|Any CPU.ActiveCfg = Debug|Any CPU
		{25E28262-F197-4C1C-9219-BF3FFD583011}.Debug|Any CPU.Build.0 = Debug|Any CPU
		{25E28262-F197-4C1C-9219-BF3FFD583011}.Release|Any CPU.ActiveCfg = Release|Any CPU
		{25E28262-F197-4C1C-9219-BF3FFD583011}.Release|Any CPU.Build.0 = Release|Any CPU
		{5617EA97-0969-44AE-B713-023693822FA5}.Debug|Any CPU.ActiveCfg = Debug|Any CPU
		{5617EA97-0969-44AE-B713-023693822FA5}.Debug|Any CPU.Build.0 = Debug|Any CPU
		{5617EA97-0969-44AE-B713-023693822FA5}.Release|Any CPU.ActiveCfg = Release|Any CPU
		{5617EA97-0969-44AE-B713-023693822FA5}.Release|Any CPU.Build.0 = Release|Any CPU
		{6FF0E3BD-64E6-41B3-904A-89169F62BD62}.Debug|Any CPU.ActiveCfg = Debug|Any CPU
		{6FF0E3BD-64E6-41B3-904A-89169F62BD62}.Debug|Any CPU.Build.0 = Debug|Any CPU
		{6FF0E3BD-64E6-41B3-904A-89169F62BD62}.Release|Any CPU.ActiveCfg = Release|Any CPU
		{6FF0E3BD-64E6-41B3-904A-89169F62BD62}.Release|Any CPU.Build.0 = Release|Any CPU
		{CB53AF1F-A80B-4F8D-9509-CEC7252CDA7E}.Debug|Any CPU.ActiveCfg = Debug|Any CPU
		{CB53AF1F-A80B-4F8D-9509-CEC7252CDA7E}.Debug|Any CPU.Build.0 = Debug|Any CPU
		{CB53AF1F-A80B-4F8D-9509-CEC7252CDA7E}.Release|Any CPU.ActiveCfg = Release|Any CPU
		{CB53AF1F-A80B-4F8D-9509-CEC7252CDA7E}.Release|Any CPU.Build.0 = Release|Any CPU
		{4BE4E797-9581-414F-BAA3-376ADB8444FF}.Debug|Any CPU.ActiveCfg = Debug|Any CPU
		{4BE4E797-9581-414F-BAA3-376ADB8444FF}.Debug|Any CPU.Build.0 = Debug|Any CPU
		{4BE4E797-9581-414F-BAA3-376ADB8444FF}.Release|Any CPU.ActiveCfg = Release|Any CPU
		{4BE4E797-9581-414F-BAA3-376ADB8444FF}.Release|Any CPU.Build.0 = Release|Any CPU
		{45ADE9B8-231C-4D1D-B469-7B95E38B33B7}.Debug|Any CPU.ActiveCfg = Debug|Any CPU
		{45ADE9B8-231C-4D1D-B469-7B95E38B33B7}.Debug|Any CPU.Build.0 = Debug|Any CPU
		{45ADE9B8-231C-4D1D-B469-7B95E38B33B7}.Release|Any CPU.ActiveCfg = Release|Any CPU
		{45ADE9B8-231C-4D1D-B469-7B95E38B33B7}.Release|Any CPU.Build.0 = Release|Any CPU
		{85C20C6C-E3C7-4AAF-BB4D-15C2BA132B11}.Debug|Any CPU.ActiveCfg = Debug|Any CPU
		{85C20C6C-E3C7-4AAF-BB4D-15C2BA132B11}.Debug|Any CPU.Build.0 = Debug|Any CPU
		{85C20C6C-E3C7-4AAF-BB4D-15C2BA132B11}.Release|Any CPU.ActiveCfg = Release|Any CPU
		{85C20C6C-E3C7-4AAF-BB4D-15C2BA132B11}.Release|Any CPU.Build.0 = Release|Any CPU
		{9A6D5B2F-5CD4-468A-B2DB-16D4D47D2370}.Debug|Any CPU.ActiveCfg = Debug|Any CPU
		{9A6D5B2F-5CD4-468A-B2DB-16D4D47D2370}.Debug|Any CPU.Build.0 = Debug|Any CPU
		{9A6D5B2F-5CD4-468A-B2DB-16D4D47D2370}.Release|Any CPU.ActiveCfg = Release|Any CPU
		{9A6D5B2F-5CD4-468A-B2DB-16D4D47D2370}.Release|Any CPU.Build.0 = Release|Any CPU
	EndGlobalSection
	GlobalSection(SolutionProperties) = preSolution
		HideSolutionNode = FALSE
	EndGlobalSection
	GlobalSection(NestedProjects) = preSolution
		{68245BBE-77B8-4BA7-B940-630CCE61F74D} = {2AA7E490-92EC-4591-8397-615F418CC78A}
		{C7F217EA-A552-445D-AFE4-3A1D27CE6CE0} = {2AA7E490-92EC-4591-8397-615F418CC78A}
		{2ED7345F-9B6E-4C78-94C0-718524F72ECE} = {2AA7E490-92EC-4591-8397-615F418CC78A}
		{12D2EBDD-B8CE-4D84-959A-08268C8CA7CE} = {2ED7345F-9B6E-4C78-94C0-718524F72ECE}
		{4CC71C0F-4778-4B12-9A2D-DB244CF7A986} = {C7F217EA-A552-445D-AFE4-3A1D27CE6CE0}
		{4C57D694-86E4-447A-B623-0E7CDEC453D8} = {68245BBE-77B8-4BA7-B940-630CCE61F74D}
		{71124FAE-4326-4DB8-BB8D-2B757B1B32B3} = {12D2EBDD-B8CE-4D84-959A-08268C8CA7CE}
		{088CF524-9F9E-413F-A3C9-4A7330400D7E} = {12D2EBDD-B8CE-4D84-959A-08268C8CA7CE}
		{88E27EAE-0693-4C65-B9B4-29EBD6A101E3} = {12D2EBDD-B8CE-4D84-959A-08268C8CA7CE}
		{6359D953-3BAA-4692-BCC3-EB144BB7D2CD} = {12D2EBDD-B8CE-4D84-959A-08268C8CA7CE}
		{A19DF729-C323-40BE-A4B6-4FF3902CF03D} = {2ED7345F-9B6E-4C78-94C0-718524F72ECE}
		{2C4A72BD-841C-48C0-969A-7EBF4EC44300} = {A19DF729-C323-40BE-A4B6-4FF3902CF03D}
		{D341EB9E-0777-45C1-886C-4829C4824223} = {A19DF729-C323-40BE-A4B6-4FF3902CF03D}
		{477B8D5B-E776-472B-900C-602FC88ABFC5} = {A19DF729-C323-40BE-A4B6-4FF3902CF03D}
		{D02D1A28-D804-4461-812D-A7053C5FD185} = {A19DF729-C323-40BE-A4B6-4FF3902CF03D}
		{2E43E30B-4D4F-4A39-A4A5-531F365F6411} = {2ED7345F-9B6E-4C78-94C0-718524F72ECE}
		{8729B162-0336-4C47-AC99-76D8E5B868A4} = {2E43E30B-4D4F-4A39-A4A5-531F365F6411}
		{25E28262-F197-4C1C-9219-BF3FFD583011} = {2E43E30B-4D4F-4A39-A4A5-531F365F6411}
		{5617EA97-0969-44AE-B713-023693822FA5} = {2E43E30B-4D4F-4A39-A4A5-531F365F6411}
		{6FF0E3BD-64E6-41B3-904A-89169F62BD62} = {2E43E30B-4D4F-4A39-A4A5-531F365F6411}
		{E957A6C9-193C-4287-9AB9-8A81F5001D08} = {2ED7345F-9B6E-4C78-94C0-718524F72ECE}
		{367ADD2C-166F-4A0F-AC94-CD0972E43939} = {2ED7345F-9B6E-4C78-94C0-718524F72ECE}
		{CB53AF1F-A80B-4F8D-9509-CEC7252CDA7E} = {367ADD2C-166F-4A0F-AC94-CD0972E43939}
		{4BE4E797-9581-414F-BAA3-376ADB8444FF} = {367ADD2C-166F-4A0F-AC94-CD0972E43939}
		{45ADE9B8-231C-4D1D-B469-7B95E38B33B7} = {367ADD2C-166F-4A0F-AC94-CD0972E43939}
		{85C20C6C-E3C7-4AAF-BB4D-15C2BA132B11} = {367ADD2C-166F-4A0F-AC94-CD0972E43939}
		{9A6D5B2F-5CD4-468A-B2DB-16D4D47D2370} = {367ADD2C-166F-4A0F-AC94-CD0972E43939}
	EndGlobalSection
	GlobalSection(ExtensibilityGlobals) = postSolution
		SolutionGuid = {2099F770-E583-4FDE-8A7E-C1793C7B18D0}
	EndGlobalSection
EndGlobal
